// !$*UTF8*$!
{
	archiveVersion = 1;
	classes = {
	};
	objectVersion = 50;
	objects = {

/* Begin PBXBuildFile section */
		1D88778E20C79582004EAA24 /* AppDelegate.swift in Sources */ = {isa = PBXBuildFile; fileRef = 1D88778D20C79582004EAA24 /* AppDelegate.swift */; };
		1D88779020C79582004EAA24 /* ViewController.swift in Sources */ = {isa = PBXBuildFile; fileRef = 1D88778F20C79582004EAA24 /* ViewController.swift */; };
		1D88779320C79582004EAA24 /* Main.storyboard in Resources */ = {isa = PBXBuildFile; fileRef = 1D88779120C79582004EAA24 /* Main.storyboard */; };
		1D88779520C79584004EAA24 /* Assets.xcassets in Resources */ = {isa = PBXBuildFile; fileRef = 1D88779420C79584004EAA24 /* Assets.xcassets */; };
		1D88779820C79584004EAA24 /* LaunchScreen.storyboard in Resources */ = {isa = PBXBuildFile; fileRef = 1D88779620C79584004EAA24 /* LaunchScreen.storyboard */; };
		1D8877AC20C79CF6004EAA24 /* Alamofire.framework in Frameworks */ = {isa = PBXBuildFile; fileRef = 1D8877AB20C79CF6004EAA24 /* Alamofire.framework */; };
		1D8877AE20C7A129004EAA24 /* SwiftyJSON.framework in Frameworks */ = {isa = PBXBuildFile; fileRef = 1D8877AD20C7A129004EAA24 /* SwiftyJSON.framework */; };
		1D8877B020C8FDCC004EAA24 /* AlamofireImage.framework in Frameworks */ = {isa = PBXBuildFile; fileRef = 1D8877AF20C8FDCC004EAA24 /* AlamofireImage.framework */; };
		1D8877B720CA28B8004EAA24 /* PhotoCell.swift in Sources */ = {isa = PBXBuildFile; fileRef = 1D8877B620CA28B8004EAA24 /* PhotoCell.swift */; };
		1D8877B920CA2ED0004EAA24 /* PinterestLayout.swift in Sources */ = {isa = PBXBuildFile; fileRef = 1D8877B820CA2ED0004EAA24 /* PinterestLayout.swift */; };
		1D8877BF20CA41CF004EAA24 /* ViewModel.swift in Sources */ = {isa = PBXBuildFile; fileRef = 1D8877BE20CA41CF004EAA24 /* ViewModel.swift */; };
		1D8877C120CA60AE004EAA24 /* DetailViewController.swift in Sources */ = {isa = PBXBuildFile; fileRef = 1D8877C020CA60AE004EAA24 /* DetailViewController.swift */; };
		1D8877C320CA6177004EAA24 /* Hero.framework in Frameworks */ = {isa = PBXBuildFile; fileRef = 1D8877C220CA6177004EAA24 /* Hero.framework */; };
		1DDF0B2820CB03B9008E095B /* Image.swift in Sources */ = {isa = PBXBuildFile; fileRef = 1DDF0B2720CB03B9008E095B /* Image.swift */; };
		1DDF0B2A20CB2D7E008E095B /* customSegue.swift in Sources */ = {isa = PBXBuildFile; fileRef = 1DDF0B2920CB2D7E008E095B /* customSegue.swift */; };
		1DECC5ED20F850B0008A30EE /* Gradient.swift in Sources */ = {isa = PBXBuildFile; fileRef = 1DECC5EC20F850B0008A30EE /* Gradient.swift */; };
		1DECC5EF20F87119008A30EE /* APODViewController.swift in Sources */ = {isa = PBXBuildFile; fileRef = 1DECC5EE20F87119008A30EE /* APODViewController.swift */; };
		FD7CF2293A3B6349E52675F9 /* Pods_NASAmarsAPI.framework in Frameworks */ = {isa = PBXBuildFile; fileRef = D51D4D781B46C31886AD7AA4 /* Pods_NASAmarsAPI.framework */; };
/* End PBXBuildFile section */

/* Begin PBXFileReference section */
		1D88778A20C79582004EAA24 /* NASAmarsAPI.app */ = {isa = PBXFileReference; explicitFileType = wrapper.application; includeInIndex = 0; path = NASAmarsAPI.app; sourceTree = BUILT_PRODUCTS_DIR; };
		1D88778D20C79582004EAA24 /* AppDelegate.swift */ = {isa = PBXFileReference; lastKnownFileType = sourcecode.swift; path = AppDelegate.swift; sourceTree = "<group>"; };
		1D88778F20C79582004EAA24 /* ViewController.swift */ = {isa = PBXFileReference; lastKnownFileType = sourcecode.swift; path = ViewController.swift; sourceTree = "<group>"; };
		1D88779220C79582004EAA24 /* Base */ = {isa = PBXFileReference; lastKnownFileType = file.storyboard; name = Base; path = Base.lproj/Main.storyboard; sourceTree = "<group>"; };
		1D88779420C79584004EAA24 /* Assets.xcassets */ = {isa = PBXFileReference; lastKnownFileType = folder.assetcatalog; path = Assets.xcassets; sourceTree = "<group>"; };
		1D88779720C79584004EAA24 /* Base */ = {isa = PBXFileReference; lastKnownFileType = file.storyboard; name = Base; path = Base.lproj/LaunchScreen.storyboard; sourceTree = "<group>"; };
		1D88779920C79584004EAA24 /* Info.plist */ = {isa = PBXFileReference; lastKnownFileType = text.plist.xml; path = Info.plist; sourceTree = "<group>"; };
		1D8877AB20C79CF6004EAA24 /* Alamofire.framework */ = {isa = PBXFileReference; explicitFileType = wrapper.framework; path = Alamofire.framework; sourceTree = BUILT_PRODUCTS_DIR; };
		1D8877AD20C7A129004EAA24 /* SwiftyJSON.framework */ = {isa = PBXFileReference; explicitFileType = wrapper.framework; path = SwiftyJSON.framework; sourceTree = BUILT_PRODUCTS_DIR; };
		1D8877AF20C8FDCC004EAA24 /* AlamofireImage.framework */ = {isa = PBXFileReference; explicitFileType = wrapper.framework; path = AlamofireImage.framework; sourceTree = BUILT_PRODUCTS_DIR; };
		1D8877B620CA28B8004EAA24 /* PhotoCell.swift */ = {isa = PBXFileReference; lastKnownFileType = sourcecode.swift; path = PhotoCell.swift; sourceTree = "<group>"; };
		1D8877B820CA2ED0004EAA24 /* PinterestLayout.swift */ = {isa = PBXFileReference; lastKnownFileType = sourcecode.swift; path = PinterestLayout.swift; sourceTree = "<group>"; };
		1D8877BE20CA41CF004EAA24 /* ViewModel.swift */ = {isa = PBXFileReference; lastKnownFileType = sourcecode.swift; path = ViewModel.swift; sourceTree = "<group>"; };
		1D8877C020CA60AE004EAA24 /* DetailViewController.swift */ = {isa = PBXFileReference; lastKnownFileType = sourcecode.swift; path = DetailViewController.swift; sourceTree = "<group>"; };
		1D8877C220CA6177004EAA24 /* Hero.framework */ = {isa = PBXFileReference; explicitFileType = wrapper.framework; path = Hero.framework; sourceTree = BUILT_PRODUCTS_DIR; };
		1DDF0B2720CB03B9008E095B /* Image.swift */ = {isa = PBXFileReference; lastKnownFileType = sourcecode.swift; path = Image.swift; sourceTree = "<group>"; };
		1DDF0B2920CB2D7E008E095B /* customSegue.swift */ = {isa = PBXFileReference; lastKnownFileType = sourcecode.swift; path = customSegue.swift; sourceTree = "<group>"; };
		1DECC5EC20F850B0008A30EE /* Gradient.swift */ = {isa = PBXFileReference; lastKnownFileType = sourcecode.swift; path = Gradient.swift; sourceTree = "<group>"; };
		1DECC5EE20F87119008A30EE /* APODViewController.swift */ = {isa = PBXFileReference; lastKnownFileType = sourcecode.swift; path = APODViewController.swift; sourceTree = "<group>"; };
		6337036437E6BE895B923E0E /* Pods-NASAmarsAPI.release.xcconfig */ = {isa = PBXFileReference; includeInIndex = 1; lastKnownFileType = text.xcconfig; name = "Pods-NASAmarsAPI.release.xcconfig"; path = "Pods/Target Support Files/Pods-NASAmarsAPI/Pods-NASAmarsAPI.release.xcconfig"; sourceTree = "<group>"; };
		D51D4D781B46C31886AD7AA4 /* Pods_NASAmarsAPI.framework */ = {isa = PBXFileReference; explicitFileType = wrapper.framework; includeInIndex = 0; path = Pods_NASAmarsAPI.framework; sourceTree = BUILT_PRODUCTS_DIR; };
		F74AAFE7E4C9F07734DC8C7B /* Pods-NASAmarsAPI.debug.xcconfig */ = {isa = PBXFileReference; includeInIndex = 1; lastKnownFileType = text.xcconfig; name = "Pods-NASAmarsAPI.debug.xcconfig"; path = "Pods/Target Support Files/Pods-NASAmarsAPI/Pods-NASAmarsAPI.debug.xcconfig"; sourceTree = "<group>"; };
/* End PBXFileReference section */

/* Begin PBXFrameworksBuildPhase section */
		1D88778720C79582004EAA24 /* Frameworks */ = {
			isa = PBXFrameworksBuildPhase;
			buildActionMask = 2147483647;
			files = (
				1D8877C320CA6177004EAA24 /* Hero.framework in Frameworks */,
				1D8877B020C8FDCC004EAA24 /* AlamofireImage.framework in Frameworks */,
				1D8877AE20C7A129004EAA24 /* SwiftyJSON.framework in Frameworks */,
				1D8877AC20C79CF6004EAA24 /* Alamofire.framework in Frameworks */,
				FD7CF2293A3B6349E52675F9 /* Pods_NASAmarsAPI.framework in Frameworks */,
			);
			runOnlyForDeploymentPostprocessing = 0;
		};
/* End PBXFrameworksBuildPhase section */

/* Begin PBXGroup section */
		1D88778120C79582004EAA24 = {
			isa = PBXGroup;
			children = (
				1D88778C20C79582004EAA24 /* NASAmarsAPI */,
				1D88778B20C79582004EAA24 /* Products */,
				330D9CE4139F91CF5DE458A4 /* Pods */,
				3396EB240526181DBB2048F5 /* Frameworks */,
			);
			sourceTree = "<group>";
		};
		1D88778B20C79582004EAA24 /* Products */ = {
			isa = PBXGroup;
			children = (
				1D88778A20C79582004EAA24 /* NASAmarsAPI.app */,
			);
			name = Products;
			sourceTree = "<group>";
		};
		1D88778C20C79582004EAA24 /* NASAmarsAPI */ = {
			isa = PBXGroup;
			children = (
				1D8877BD20CA41B0004EAA24 /* ViewModels */,
				1D8877B520CA2896004EAA24 /* Views */,
				1D88778D20C79582004EAA24 /* AppDelegate.swift */,
				1D88778F20C79582004EAA24 /* ViewController.swift */,
				1D8877C020CA60AE004EAA24 /* DetailViewController.swift */,
				1D88779120C79582004EAA24 /* Main.storyboard */,
				1DECC5EE20F87119008A30EE /* APODViewController.swift */,
				1DECC5EC20F850B0008A30EE /* Gradient.swift */,
				1DDF0B2920CB2D7E008E095B /* customSegue.swift */,
				1D88779420C79584004EAA24 /* Assets.xcassets */,
				1D88779620C79584004EAA24 /* LaunchScreen.storyboard */,
				1D88779920C79584004EAA24 /* Info.plist */,
			);
			path = NASAmarsAPI;
			sourceTree = "<group>";
		};
		1D8877B520CA2896004EAA24 /* Views */ = {
			isa = PBXGroup;
			children = (
				1D8877B620CA28B8004EAA24 /* PhotoCell.swift */,
				1D8877B820CA2ED0004EAA24 /* PinterestLayout.swift */,
			);
			path = Views;
			sourceTree = "<group>";
		};
		1D8877BD20CA41B0004EAA24 /* ViewModels */ = {
			isa = PBXGroup;
			children = (
				1D8877BE20CA41CF004EAA24 /* ViewModel.swift */,
				1DDF0B2720CB03B9008E095B /* Image.swift */,
			);
			path = ViewModels;
			sourceTree = "<group>";
		};
		330D9CE4139F91CF5DE458A4 /* Pods */ = {
			isa = PBXGroup;
			children = (
				F74AAFE7E4C9F07734DC8C7B /* Pods-NASAmarsAPI.debug.xcconfig */,
				6337036437E6BE895B923E0E /* Pods-NASAmarsAPI.release.xcconfig */,
			);
			name = Pods;
			sourceTree = "<group>";
		};
		3396EB240526181DBB2048F5 /* Frameworks */ = {
			isa = PBXGroup;
			children = (
				1D8877C220CA6177004EAA24 /* Hero.framework */,
				1D8877AF20C8FDCC004EAA24 /* AlamofireImage.framework */,
				1D8877AD20C7A129004EAA24 /* SwiftyJSON.framework */,
				1D8877AB20C79CF6004EAA24 /* Alamofire.framework */,
				D51D4D781B46C31886AD7AA4 /* Pods_NASAmarsAPI.framework */,
			);
			name = Frameworks;
			sourceTree = "<group>";
		};
/* End PBXGroup section */

/* Begin PBXNativeTarget section */
		1D88778920C79582004EAA24 /* NASAmarsAPI */ = {
			isa = PBXNativeTarget;
			buildConfigurationList = 1D88779C20C79584004EAA24 /* Build configuration list for PBXNativeTarget "NASAmarsAPI" */;
			buildPhases = (
				90E5D563EDEF228DAC436EDA /* [CP] Check Pods Manifest.lock */,
				1D88778620C79582004EAA24 /* Sources */,
				1D88778720C79582004EAA24 /* Frameworks */,
				1D88778820C79582004EAA24 /* Resources */,
				BF83CF29D8727AA87D231B2A /* [CP] Embed Pods Frameworks */,
				16FAFF1E00A81A8B27521B1E /* [CP] Copy Pods Resources */,
			);
			buildRules = (
			);
			dependencies = (
			);
			name = NASAmarsAPI;
			productName = NASAmarsAPI;
			productReference = 1D88778A20C79582004EAA24 /* NASAmarsAPI.app */;
			productType = "com.apple.product-type.application";
		};
/* End PBXNativeTarget section */

/* Begin PBXProject section */
		1D88778220C79582004EAA24 /* Project object */ = {
			isa = PBXProject;
			attributes = {
				LastSwiftUpdateCheck = 0940;
				LastUpgradeCheck = 0940;
				ORGANIZATIONNAME = RenatoGamboa;
				TargetAttributes = {
					1D88778920C79582004EAA24 = {
						CreatedOnToolsVersion = 9.4;
					};
				};
			};
			buildConfigurationList = 1D88778520C79582004EAA24 /* Build configuration list for PBXProject "NASAmarsAPI" */;
			compatibilityVersion = "Xcode 9.3";
			developmentRegion = en;
			hasScannedForEncodings = 0;
			knownRegions = (
				en,
				Base,
			);
			mainGroup = 1D88778120C79582004EAA24;
			productRefGroup = 1D88778B20C79582004EAA24 /* Products */;
			projectDirPath = "";
			projectRoot = "";
			targets = (
				1D88778920C79582004EAA24 /* NASAmarsAPI */,
			);
		};
/* End PBXProject section */

/* Begin PBXResourcesBuildPhase section */
		1D88778820C79582004EAA24 /* Resources */ = {
			isa = PBXResourcesBuildPhase;
			buildActionMask = 2147483647;
			files = (
				1D88779820C79584004EAA24 /* LaunchScreen.storyboard in Resources */,
				1D88779520C79584004EAA24 /* Assets.xcassets in Resources */,
				1D88779320C79582004EAA24 /* Main.storyboard in Resources */,
			);
			runOnlyForDeploymentPostprocessing = 0;
		};
/* End PBXResourcesBuildPhase section */

/* Begin PBXShellScriptBuildPhase section */
		16FAFF1E00A81A8B27521B1E /* [CP] Copy Pods Resources */ = {
			isa = PBXShellScriptBuildPhase;
			buildActionMask = 2147483647;
			files = (
			);
			inputPaths = (
			);
			name = "[CP] Copy Pods Resources";
			outputPaths = (
			);
			runOnlyForDeploymentPostprocessing = 0;
			shellPath = /bin/sh;
			shellScript = "\"${SRCROOT}/Pods/Target Support Files/Pods-NASAmarsAPI/Pods-NASAmarsAPI-resources.sh\"\n";
			showEnvVarsInLog = 0;
		};
		90E5D563EDEF228DAC436EDA /* [CP] Check Pods Manifest.lock */ = {
			isa = PBXShellScriptBuildPhase;
			buildActionMask = 2147483647;
			files = (
			);
			inputPaths = (
				"${PODS_PODFILE_DIR_PATH}/Podfile.lock",
				"${PODS_ROOT}/Manifest.lock",
			);
			name = "[CP] Check Pods Manifest.lock";
			outputPaths = (
				"$(DERIVED_FILE_DIR)/Pods-NASAmarsAPI-checkManifestLockResult.txt",
			);
			runOnlyForDeploymentPostprocessing = 0;
			shellPath = /bin/sh;
			shellScript = "diff \"${PODS_PODFILE_DIR_PATH}/Podfile.lock\" \"${PODS_ROOT}/Manifest.lock\" > /dev/null\nif [ $? != 0 ] ; then\n    # print error to STDERR\n    echo \"error: The sandbox is not in sync with the Podfile.lock. Run 'pod install' or update your CocoaPods installation.\" >&2\n    exit 1\nfi\n# This output is used by Xcode 'outputs' to avoid re-running this script phase.\necho \"SUCCESS\" > \"${SCRIPT_OUTPUT_FILE_0}\"\n";
			showEnvVarsInLog = 0;
		};
		BF83CF29D8727AA87D231B2A /* [CP] Embed Pods Frameworks */ = {
			isa = PBXShellScriptBuildPhase;
			buildActionMask = 2147483647;
			files = (
			);
			inputPaths = (
				"${SRCROOT}/Pods/Target Support Files/Pods-NASAmarsAPI/Pods-NASAmarsAPI-frameworks.sh",
				"${BUILT_PRODUCTS_DIR}/Alamofire/Alamofire.framework",
				"${BUILT_PRODUCTS_DIR}/AlamofireImage/AlamofireImage.framework",
				"${BUILT_PRODUCTS_DIR}/Hero/Hero.framework",
				"${BUILT_PRODUCTS_DIR}/SwiftyJSON/SwiftyJSON.framework",
			);
			name = "[CP] Embed Pods Frameworks";
			outputPaths = (
				"${TARGET_BUILD_DIR}/${FRAMEWORKS_FOLDER_PATH}/Alamofire.framework",
				"${TARGET_BUILD_DIR}/${FRAMEWORKS_FOLDER_PATH}/AlamofireImage.framework",
				"${TARGET_BUILD_DIR}/${FRAMEWORKS_FOLDER_PATH}/Hero.framework",
				"${TARGET_BUILD_DIR}/${FRAMEWORKS_FOLDER_PATH}/SwiftyJSON.framework",
			);
			runOnlyForDeploymentPostprocessing = 0;
			shellPath = /bin/sh;
			shellScript = "\"${SRCROOT}/Pods/Target Support Files/Pods-NASAmarsAPI/Pods-NASAmarsAPI-frameworks.sh\"\n";
			showEnvVarsInLog = 0;
		};
/* End PBXShellScriptBuildPhase section */

/* Begin PBXSourcesBuildPhase section */
		1D88778620C79582004EAA24 /* Sources */ = {
			isa = PBXSourcesBuildPhase;
			buildActionMask = 2147483647;
			files = (
				1D8877B920CA2ED0004EAA24 /* PinterestLayout.swift in Sources */,
				1DDF0B2820CB03B9008E095B /* Image.swift in Sources */,
				1D88779020C79582004EAA24 /* ViewController.swift in Sources */,
				1D8877B720CA28B8004EAA24 /* PhotoCell.swift in Sources */,
				1DECC5ED20F850B0008A30EE /* Gradient.swift in Sources */,
				1DDF0B2A20CB2D7E008E095B /* customSegue.swift in Sources */,
				1D8877BF20CA41CF004EAA24 /* ViewModel.swift in Sources */,
				1D88778E20C79582004EAA24 /* AppDelegate.swift in Sources */,
				1DECC5EF20F87119008A30EE /* APODViewController.swift in Sources */,
				1D8877C120CA60AE004EAA24 /* DetailViewController.swift in Sources */,
			);
			runOnlyForDeploymentPostprocessing = 0;
		};
/* End PBXSourcesBuildPhase section */

/* Begin PBXVariantGroup section */
		1D88779120C79582004EAA24 /* Main.storyboard */ = {
			isa = PBXVariantGroup;
			children = (
				1D88779220C79582004EAA24 /* Base */,
			);
			name = Main.storyboard;
			sourceTree = "<group>";
		};
		1D88779620C79584004EAA24 /* LaunchScreen.storyboard */ = {
			isa = PBXVariantGroup;
			children = (
				1D88779720C79584004EAA24 /* Base */,
			);
			name = LaunchScreen.storyboard;
			sourceTree = "<group>";
		};
/* End PBXVariantGroup section */

/* Begin XCBuildConfiguration section */
		1D88779A20C79584004EAA24 /* Debug */ = {
			isa = XCBuildConfiguration;
			buildSettings = {
				ALWAYS_SEARCH_USER_PATHS = NO;
				CLANG_ANALYZER_NONNULL = YES;
				CLANG_ANALYZER_NUMBER_OBJECT_CONVERSION = YES_AGGRESSIVE;
				CLANG_CXX_LANGUAGE_STANDARD = "gnu++14";
				CLANG_CXX_LIBRARY = "libc++";
				CLANG_ENABLE_MODULES = YES;
				CLANG_ENABLE_OBJC_ARC = YES;
				CLANG_ENABLE_OBJC_WEAK = YES;
				CLANG_WARN_BLOCK_CAPTURE_AUTORELEASING = YES;
				CLANG_WARN_BOOL_CONVERSION = YES;
				CLANG_WARN_COMMA = YES;
				CLANG_WARN_CONSTANT_CONVERSION = YES;
				CLANG_WARN_DEPRECATED_OBJC_IMPLEMENTATIONS = YES;
				CLANG_WARN_DIRECT_OBJC_ISA_USAGE = YES_ERROR;
				CLANG_WARN_DOCUMENTATION_COMMENTS = YES;
				CLANG_WARN_EMPTY_BODY = YES;
				CLANG_WARN_ENUM_CONVERSION = YES;
				CLANG_WARN_INFINITE_RECURSION = YES;
				CLANG_WARN_INT_CONVERSION = YES;
				CLANG_WARN_NON_LITERAL_NULL_CONVERSION = YES;
				CLANG_WARN_OBJC_IMPLICIT_RETAIN_SELF = YES;
				CLANG_WARN_OBJC_LITERAL_CONVERSION = YES;
				CLANG_WARN_OBJC_ROOT_CLASS = YES_ERROR;
				CLANG_WARN_RANGE_LOOP_ANALYSIS = YES;
				CLANG_WARN_STRICT_PROTOTYPES = YES;
				CLANG_WARN_SUSPICIOUS_MOVE = YES;
				CLANG_WARN_UNGUARDED_AVAILABILITY = YES_AGGRESSIVE;
				CLANG_WARN_UNREACHABLE_CODE = YES;
				CLANG_WARN__DUPLICATE_METHOD_MATCH = YES;
				CODE_SIGN_IDENTITY = "iPhone Developer";
				COPY_PHASE_STRIP = NO;
				DEBUG_INFORMATION_FORMAT = dwarf;
				ENABLE_STRICT_OBJC_MSGSEND = YES;
				ENABLE_TESTABILITY = YES;
				GCC_C_LANGUAGE_STANDARD = gnu11;
				GCC_DYNAMIC_NO_PIC = NO;
				GCC_NO_COMMON_BLOCKS = YES;
				GCC_OPTIMIZATION_LEVEL = 0;
				GCC_PREPROCESSOR_DEFINITIONS = (
					"DEBUG=1",
					"$(inherited)",
				);
				GCC_WARN_64_TO_32_BIT_CONVERSION = YES;
				GCC_WARN_ABOUT_RETURN_TYPE = YES_ERROR;
				GCC_WARN_UNDECLARED_SELECTOR = YES;
				GCC_WARN_UNINITIALIZED_AUTOS = YES_AGGRESSIVE;
				GCC_WARN_UNUSED_FUNCTION = YES;
				GCC_WARN_UNUSED_VARIABLE = YES;
				IPHONEOS_DEPLOYMENT_TARGET = 11.4;
				MTL_ENABLE_DEBUG_INFO = YES;
				ONLY_ACTIVE_ARCH = YES;
				SDKROOT = iphoneos;
				SWIFT_ACTIVE_COMPILATION_CONDITIONS = DEBUG;
				SWIFT_OPTIMIZATION_LEVEL = "-Onone";
			};
			name = Debug;
		};
		1D88779B20C79584004EAA24 /* Release */ = {
			isa = XCBuildConfiguration;
			buildSettings = {
				ALWAYS_SEARCH_USER_PATHS = NO;
				CLANG_ANALYZER_NONNULL = YES;
				CLANG_ANALYZER_NUMBER_OBJECT_CONVERSION = YES_AGGRESSIVE;
				CLANG_CXX_LANGUAGE_STANDARD = "gnu++14";
				CLANG_CXX_LIBRARY = "libc++";
				CLANG_ENABLE_MODULES = YES;
				CLANG_ENABLE_OBJC_ARC = YES;
				CLANG_ENABLE_OBJC_WEAK = YES;
				CLANG_WARN_BLOCK_CAPTURE_AUTORELEASING = YES;
				CLANG_WARN_BOOL_CONVERSION = YES;
				CLANG_WARN_COMMA = YES;
				CLANG_WARN_CONSTANT_CONVERSION = YES;
				CLANG_WARN_DEPRECATED_OBJC_IMPLEMENTATIONS = YES;
				CLANG_WARN_DIRECT_OBJC_ISA_USAGE = YES_ERROR;
				CLANG_WARN_DOCUMENTATION_COMMENTS = YES;
				CLANG_WARN_EMPTY_BODY = YES;
				CLANG_WARN_ENUM_CONVERSION = YES;
				CLANG_WARN_INFINITE_RECURSION = YES;
				CLANG_WARN_INT_CONVERSION = YES;
				CLANG_WARN_NON_LITERAL_NULL_CONVERSION = YES;
				CLANG_WARN_OBJC_IMPLICIT_RETAIN_SELF = YES;
				CLANG_WARN_OBJC_LITERAL_CONVERSION = YES;
				CLANG_WARN_OBJC_ROOT_CLASS = YES_ERROR;
				CLANG_WARN_RANGE_LOOP_ANALYSIS = YES;
				CLANG_WARN_STRICT_PROTOTYPES = YES;
				CLANG_WARN_SUSPICIOUS_MOVE = YES;
				CLANG_WARN_UNGUARDED_AVAILABILITY = YES_AGGRESSIVE;
				CLANG_WARN_UNREACHABLE_CODE = YES;
				CLANG_WARN__DUPLICATE_METHOD_MATCH = YES;
				CODE_SIGN_IDENTITY = "iPhone Developer";
				COPY_PHASE_STRIP = NO;
				DEBUG_INFORMATION_FORMAT = "dwarf-with-dsym";
				ENABLE_NS_ASSERTIONS = NO;
				ENABLE_STRICT_OBJC_MSGSEND = YES;
				GCC_C_LANGUAGE_STANDARD = gnu11;
				GCC_NO_COMMON_BLOCKS = YES;
				GCC_WARN_64_TO_32_BIT_CONVERSION = YES;
				GCC_WARN_ABOUT_RETURN_TYPE = YES_ERROR;
				GCC_WARN_UNDECLARED_SELECTOR = YES;
				GCC_WARN_UNINITIALIZED_AUTOS = YES_AGGRESSIVE;
				GCC_WARN_UNUSED_FUNCTION = YES;
				GCC_WARN_UNUSED_VARIABLE = YES;
				IPHONEOS_DEPLOYMENT_TARGET = 11.4;
				MTL_ENABLE_DEBUG_INFO = NO;
				SDKROOT = iphoneos;
				SWIFT_COMPILATION_MODE = wholemodule;
				SWIFT_OPTIMIZATION_LEVEL = "-O";
				VALIDATE_PRODUCT = YES;
			};
			name = Release;
		};
		1D88779D20C79584004EAA24 /* Debug */ = {
			isa = XCBuildConfiguration;
			baseConfigurationReference = F74AAFE7E4C9F07734DC8C7B /* Pods-NASAmarsAPI.debug.xcconfig */;
			buildSettings = {
				ASSETCATALOG_COMPILER_APPICON_NAME = AppIcon;
				CODE_SIGN_STYLE = Automatic;
				DEVELOPMENT_TEAM = FB7GXJH63M;
				INFOPLIST_FILE = NASAmarsAPI/Info.plist;
				LD_RUNPATH_SEARCH_PATHS = (
					"$(inherited)",
					"@executable_path/Frameworks",
				);
				PRODUCT_BUNDLE_IDENTIFIER = com.RenatoGamboa.MartianFeed;
				PRODUCT_NAME = "$(TARGET_NAME)";
				SWIFT_VERSION = 4.0;
				TARGETED_DEVICE_FAMILY = "1,2";
			};
			name = Debug;
		};
		1D88779E20C79584004EAA24 /* Release */ = {
			isa = XCBuildConfiguration;
			baseConfigurationReference = 6337036437E6BE895B923E0E /* Pods-NASAmarsAPI.release.xcconfig */;
			buildSettings = {
				ASSETCATALOG_COMPILER_APPICON_NAME = AppIcon;
				CODE_SIGN_STYLE = Automatic;
				DEVELOPMENT_TEAM = FB7GXJH63M;
				INFOPLIST_FILE = NASAmarsAPI/Info.plist;
				LD_RUNPATH_SEARCH_PATHS = (
					"$(inherited)",
					"@executable_path/Frameworks",
				);
				PRODUCT_BUNDLE_IDENTIFIER = com.RenatoGamboa.MartianFeed;
				PRODUCT_NAME = "$(TARGET_NAME)";
				SWIFT_VERSION = 4.0;
				TARGETED_DEVICE_FAMILY = "1,2";
			};
			name = Release;
		};
/* End XCBuildConfiguration section */

/* Begin XCConfigurationList section */
		1D88778520C79582004EAA24 /* Build configuration list for PBXProject "NASAmarsAPI" */ = {
			isa = XCConfigurationList;
			buildConfigurations = (
				1D88779A20C79584004EAA24 /* Debug */,
				1D88779B20C79584004EAA24 /* Release */,
			);
			defaultConfigurationIsVisible = 0;
			defaultConfigurationName = Release;
		};
		1D88779C20C79584004EAA24 /* Build configuration list for PBXNativeTarget "NASAmarsAPI" */ = {
			isa = XCConfigurationList;
			buildConfigurations = (
				1D88779D20C79584004EAA24 /* Debug */,
				1D88779E20C79584004EAA24 /* Release */,
			);
			defaultConfigurationIsVisible = 0;
			defaultConfigurationName = Release;
		};
/* End XCConfigurationList section */
	};
	rootObject = 1D88778220C79582004EAA24 /* Project object */;
}
